lockfileVersion: '9.0'

settings:
  autoInstallPeers: true
  excludeLinksFromLockfile: false

importers:

  .:
    dependencies:
      '@protobuf-ts/runtime':
        specifier: ^2.9.4
        version: 2.9.4
      '@protobuf-ts/runtime-rpc':
        specifier: ^2.9.4
        version: 2.9.4
    devDependencies:
      typescript:
        specifier: ^5.8.3
        version: 5.8.3

packages:

  '@protobuf-ts/runtime-rpc@2.9.4':
    resolution: {integrity: sha512-y9L9JgnZxXFqH5vD4d7j9duWvIJ7AShyBRoNKJGhu9Q27qIbchfzli66H9RvrQNIFk5ER7z1Twe059WZGqERcA==}

  '@protobuf-ts/runtime@2.9.4':
    resolution: {integrity: sha512-vHRFWtJJB/SiogWDF0ypoKfRIZ41Kq+G9cEFj6Qm1eQaAhJ1LDFvgZ7Ja4tb3iLOQhz0PaoPnnOijF1qmEqTxg==}

  typescript@5.8.3:
    resolution: {integrity: sha512-p1diW6TqL9L07nNxvRMM7hMMw4c5XOo/1ibL4aAIGmSAt9slTE1Xgw5KWuof2uTOvCg9BY7ZRi+GaF+7sfgPeQ==}
    engines: {node: '>=14.17'}
    hasBin: true

snapshots:

  '@protobuf-ts/runtime-rpc@2.9.4':
    dependencies:
      '@protobuf-ts/runtime': 2.9.4

  '@protobuf-ts/runtime@2.9.4': {}

  typescript@5.8.3: {}
